dependencies:
- name: postgresql
  repository: https://kubernetes-charts.storage.googleapis.com/
  version: 0.8.3
- name: mysql
  repository: https://kubernetes-charts.storage.googleapis.com/
  version: 0.6.0
digest: sha256:edd3e7843a82a863a3f307b18fbdf2f5494d0defbd2886e64a4ecb78ca50d3d9
generated: "2019-08-21T00:31:04.600829+08:00"
